
Microsoft Visual Studio Solution File, Format Version 12.00
# Visual Studio Version 16
VisualStudioVersion = 16.0.31829.152
MinimumVisualStudioVersion = 10.0.40219.1
Project("{FAE04EC0-301F-11D3-BF4B-00C04F79EFBC}") = "RazorTutorial1", "RazorTutorial1\RazorTutorial1.csproj", "{7CF527A7-6683-46BC-8DC1-B3E18324BAC4}"
EndProject
Global
	GlobalSection(SolutionConfigurationPlatforms) = preSolution
		Debug|Any CPU = Debug|Any CPU
		Release|Any CPU = Release|Any CPU
	EndGlobalSection
	GlobalSection(ProjectConfigurationPlatforms) = postSolution
		{7CF527A7-6683-46BC-8DC1-B3E18324BAC4}.Debug|Any CPU.ActiveCfg = Debug|Any CPU
		{7CF527A7-6683-46BC-8DC1-B3E18324BAC4}.Debug|Any CPU.Build.0 = Debug|Any CPU
		{7CF527A7-6683-46BC-8DC1-B3E18324BAC4}.Release|Any CPU.ActiveCfg = Release|Any CPU
		{7CF527A7-6683-46BC-8DC1-B3E18324BAC4}.Release|Any CPU.Build.0 = Release|Any CPU
	EndGlobalSection
	GlobalSection(SolutionProperties) = preSolution
		HideSolutionNode = FALSE
	EndGlobalSection
	GlobalSection(ExtensibilityGlobals) = postSolution
		SolutionGuid = {4F439A30-0F5F-43F1-B454-D33CDE0E064D}
	EndGlobalSection
EndGlobal
